
Microsoft Visual Studio Solution File, Format Version 12.00
# Visual Studio Version 17
VisualStudioVersion = 17.9.34902.65
MinimumVisualStudioVersion = 10.0.40219.1
Project("{FAE04EC0-301F-11D3-BF4B-00C04F79EFBC}") = "Examen1", "Examen1.csproj", "{9B8A2CAB-3438-4851-BB55-593C796D81A3}"
EndProject
Project("{2150E333-8FDC-42A3-9474-1A3956D46DE8}") = "Elementos de la solución", "Elementos de la solución", "{9CEC7E5C-3195-4699-BFAC-BCA62B71E184}"
EndProject
Global
	GlobalSection(SolutionConfigurationPlatforms) = preSolution
		Debug|Any CPU = Debug|Any CPU
		Release|Any CPU = Release|Any CPU
	EndGlobalSection
	GlobalSection(ProjectConfigurationPlatforms) = postSolution
		{9B8A2CAB-3438-4851-BB55-593C796D81A3}.Debug|Any CPU.ActiveCfg = Debug|Any CPU
		{9B8A2CAB-3438-4851-BB55-593C796D81A3}.Debug|Any CPU.Build.0 = Debug|Any CPU
		{9B8A2CAB-3438-4851-BB55-593C796D81A3}.Release|Any CPU.ActiveCfg = Release|Any CPU
		{9B8A2CAB-3438-4851-BB55-593C796D81A3}.Release|Any CPU.Build.0 = Release|Any CPU
	EndGlobalSection
	GlobalSection(SolutionProperties) = preSolution
		HideSolutionNode = FALSE
	EndGlobalSection
	GlobalSection(ExtensibilityGlobals) = postSolution
		SolutionGuid = {BA6F4D6C-DE8A-4C2B-B1E6-E89DD4CA1CDC}
	EndGlobalSection
EndGlobal
